{
  "requires": true,
  "lockfileVersion": 1,
  "dependencies": {
    "@angular/animations": {
      "version": "8.2.11",
      "resolved": "https://registry.npmjs.org/@angular/animations/-/animations-8.2.11.tgz",
      "integrity": "sha512-u0PSR2uvSqn3ovgGlw2H8ZueyYN42SLir2Yn3+7sGE+LcYOSTjyJ/GIgjV8jWddvPbx7KYzFRCs6bEMpBsMXYg==",
      "requires": {
        "tslib": "^1.9.0"
      }
    },
    "@angular/cdk": {
      "version": "8.2.3",
      "resolved": "https://registry.npmjs.org/@angular/cdk/-/cdk-8.2.3.tgz",
      "integrity": "sha512-ZwO5Sn720RA2YvBqud0JAHkZXjmjxM0yNzCO8RVtRE9i8Gl26Wk0j0nQeJkVm4zwv2QO8MwbKUKGTMt8evsokA==",
      "requires": {
        "parse5": "^5.0.0",
        "tslib": "^1.7.1"
      }
    },
    "@angular/material": {
      "version": "8.2.3",
      "resolved": "https://registry.npmjs.org/@angular/material/-/material-8.2.3.tgz",
      "integrity": "sha512-SOczkIaqes+r+9XF/UUiokidfFKBpHkOPIaFK857sFD0FBNPvPEpOr5oHKCG3feERRwAFqHS7Wo2ohVEWypb5A==",
      "requires": {
        "tslib": "^1.7.1"
      }
    },
    "@fortawesome/angular-fontawesome": {
      "version": "0.4.0",
      "resolved": "https://registry.npmjs.org/@fortawesome/angular-fontawesome/-/angular-fontawesome-0.4.0.tgz",
      "integrity": "sha512-DYVXdCzwQo6d0CxVMRK+10LpBAvYN9xigWeQW4wKYq/Czd5es46nPMKixB5rHfNViECwwlM2gTM61K4DpxlJxg==",
      "requires": {
        "tslib": "^1.9.0"
      }
    },
    "@fortawesome/fontawesome-common-types": {
      "version": "0.2.25",
      "resolved": "https://registry.npmjs.org/@fortawesome/fontawesome-common-types/-/fontawesome-common-types-0.2.25.tgz",
      "integrity": "sha512-3RuZPDuuPELd7RXtUqTCfed14fcny9UiPOkdr2i+cYxBoTOfQgxcDoq77fHiiHcgWuo1LoBUpvGxFF1H/y7s3Q=="
    },
    "@fortawesome/fontawesome-svg-core": {
      "version": "1.2.25",
      "resolved": "https://registry.npmjs.org/@fortawesome/fontawesome-svg-core/-/fontawesome-svg-core-1.2.25.tgz",
      "integrity": "sha512-MotKnn53JKqbkLQiwcZSBJVYtTgIKFbh7B8+kd05TSnfKYPFmjKKI59o2fpz5t0Hzl35vVGU6+N4twoOpZUrqA==",
      "requires": {
        "@fortawesome/fontawesome-common-types": "^0.2.25"
      }
    },
    "@fortawesome/free-solid-svg-icons": {
      "version": "5.11.2",
      "resolved": "https://registry.npmjs.org/@fortawesome/free-solid-svg-icons/-/free-solid-svg-icons-5.11.2.tgz",
      "integrity": "sha512-zBue4i0PAZJUXOmLBBvM7L0O7wmsDC8dFv9IhpW5QL4kT9xhhVUsYg/LX1+5KaukWq4/cbDcKT+RT1aRe543sg==",
      "requires": {
        "@fortawesome/fontawesome-common-types": "^0.2.25"
      }
    },
    "parse5": {
      "version": "5.1.0",
      "resolved": "https://registry.npmjs.org/parse5/-/parse5-5.1.0.tgz",
      "integrity": "sha512-fxNG2sQjHvlVAYmzBZS9YlDp6PTSSDwa98vkD4QgVDDCAo84z5X1t5XyJQ62ImdLXx5NdIIfihey6xpum9/gRQ=="
    },
    "tslib": {
      "version": "1.10.0",
      "resolved": "https://registry.npmjs.org/tslib/-/tslib-1.10.0.tgz",
      "integrity": "sha512-qOebF53frne81cf0S9B41ByenJ3/IuH8yJKngAX35CmiZySA0khhkovshKK+jGCaMnVomla7gVlIcc3EvKPbTQ=="
    }
  }
}
